
Microsoft Visual Studio Solution File, Format Version 12.00
# Visual Studio Version 17
VisualStudioVersion = 17.5.33414.496
MinimumVisualStudioVersion = 10.0.40219.1
Project("{FAE04EC0-301F-11D3-BF4B-00C04F79EFBC}") = "Activity10", "Activity10\Activity10.csproj", "{548490DC-BF63-4E0D-8CBF-B5101D9D17F3}"
EndProject
Global
	GlobalSection(SolutionConfigurationPlatforms) = preSolution
		Debug|Any CPU = Debug|Any CPU
		Release|Any CPU = Release|Any CPU
	EndGlobalSection
	GlobalSection(ProjectConfigurationPlatforms) = postSolution
		{548490DC-BF63-4E0D-8CBF-B5101D9D17F3}.Debug|Any CPU.ActiveCfg = Debug|Any CPU
		{548490DC-BF63-4E0D-8CBF-B5101D9D17F3}.Debug|Any CPU.Build.0 = Debug|Any CPU
		{548490DC-BF63-4E0D-8CBF-B5101D9D17F3}.Release|Any CPU.ActiveCfg = Release|Any CPU
		{548490DC-BF63-4E0D-8CBF-B5101D9D17F3}.Release|Any CPU.Build.0 = Release|Any CPU
	EndGlobalSection
	GlobalSection(SolutionProperties) = preSolution
		HideSolutionNode = FALSE
	EndGlobalSection
	GlobalSection(ExtensibilityGlobals) = postSolution
		SolutionGuid = {3B412CE2-DD34-47A2-81E8-664186D48695}
	EndGlobalSection
EndGlobal
