
Microsoft Visual Studio Solution File, Format Version 12.00
# Visual Studio Version 17
VisualStudioVersion = 17.5.33414.496
MinimumVisualStudioVersion = 10.0.40219.1
Project("{FAE04EC0-301F-11D3-BF4B-00C04F79EFBC}") = "Activity_12", "Activity_12\Activity_12.csproj", "{D2388300-18DD-4CF7-B1BC-9D6AB46629BC}"
EndProject
Global
	GlobalSection(SolutionConfigurationPlatforms) = preSolution
		Debug|Any CPU = Debug|Any CPU
		Release|Any CPU = Release|Any CPU
	EndGlobalSection
	GlobalSection(ProjectConfigurationPlatforms) = postSolution
		{D2388300-18DD-4CF7-B1BC-9D6AB46629BC}.Debug|Any CPU.ActiveCfg = Debug|Any CPU
		{D2388300-18DD-4CF7-B1BC-9D6AB46629BC}.Debug|Any CPU.Build.0 = Debug|Any CPU
		{D2388300-18DD-4CF7-B1BC-9D6AB46629BC}.Release|Any CPU.ActiveCfg = Release|Any CPU
		{D2388300-18DD-4CF7-B1BC-9D6AB46629BC}.Release|Any CPU.Build.0 = Release|Any CPU
	EndGlobalSection
	GlobalSection(SolutionProperties) = preSolution
		HideSolutionNode = FALSE
	EndGlobalSection
	GlobalSection(ExtensibilityGlobals) = postSolution
		SolutionGuid = {5AE8E76C-78C5-48C5-991E-E976354ADE2D}
	EndGlobalSection
EndGlobal
