
Microsoft Visual Studio Solution File, Format Version 12.00
# Visual Studio Version 17
VisualStudioVersion = 17.5.33414.496
MinimumVisualStudioVersion = 10.0.40219.1
Project("{FAE04EC0-301F-11D3-BF4B-00C04F79EFBC}") = "Activity11", "Activity11\Activity11.csproj", "{28776510-DF4E-4CFF-98D2-248221FBB583}"
EndProject
Global
	GlobalSection(SolutionConfigurationPlatforms) = preSolution
		Debug|Any CPU = Debug|Any CPU
		Release|Any CPU = Release|Any CPU
	EndGlobalSection
	GlobalSection(ProjectConfigurationPlatforms) = postSolution
		{28776510-DF4E-4CFF-98D2-248221FBB583}.Debug|Any CPU.ActiveCfg = Debug|Any CPU
		{28776510-DF4E-4CFF-98D2-248221FBB583}.Debug|Any CPU.Build.0 = Debug|Any CPU
		{28776510-DF4E-4CFF-98D2-248221FBB583}.Release|Any CPU.ActiveCfg = Release|Any CPU
		{28776510-DF4E-4CFF-98D2-248221FBB583}.Release|Any CPU.Build.0 = Release|Any CPU
	EndGlobalSection
	GlobalSection(SolutionProperties) = preSolution
		HideSolutionNode = FALSE
	EndGlobalSection
	GlobalSection(ExtensibilityGlobals) = postSolution
		SolutionGuid = {E4113EFA-0897-4A6B-AB18-665D02894401}
	EndGlobalSection
EndGlobal
