
Microsoft Visual Studio Solution File, Format Version 12.00
# Visual Studio Version 17
VisualStudioVersion = 17.4.33213.308
MinimumVisualStudioVersion = 10.0.40219.1
Project("{FAE04EC0-301F-11D3-BF4B-00C04F79EFBC}") = "activity8", "activity8\activity8.csproj", "{12961EC4-D796-40EE-9F86-CE97A5A14530}"
EndProject
Global
	GlobalSection(SolutionConfigurationPlatforms) = preSolution
		Debug|Any CPU = Debug|Any CPU
		Release|Any CPU = Release|Any CPU
	EndGlobalSection
	GlobalSection(ProjectConfigurationPlatforms) = postSolution
		{12961EC4-D796-40EE-9F86-CE97A5A14530}.Debug|Any CPU.ActiveCfg = Debug|Any CPU
		{12961EC4-D796-40EE-9F86-CE97A5A14530}.Debug|Any CPU.Build.0 = Debug|Any CPU
		{12961EC4-D796-40EE-9F86-CE97A5A14530}.Release|Any CPU.ActiveCfg = Release|Any CPU
		{12961EC4-D796-40EE-9F86-CE97A5A14530}.Release|Any CPU.Build.0 = Release|Any CPU
	EndGlobalSection
	GlobalSection(SolutionProperties) = preSolution
		HideSolutionNode = FALSE
	EndGlobalSection
	GlobalSection(ExtensibilityGlobals) = postSolution
		SolutionGuid = {325B2570-7703-4C52-A8C5-E4ED1177539A}
	EndGlobalSection
EndGlobal
